
Microsoft Visual Studio Solution File, Format Version 12.00
# Visual Studio Version 16
VisualStudioVersion = 16.0.34729.46
MinimumVisualStudioVersion = 10.0.40219.1
Project("{FAE04EC0-301F-11D3-BF4B-00C04F79EFBC}") = "EuroGUI", "EuroGUI.csproj", "{BC385508-E69A-40A7-92A1-C3E0A0C106B0}"
EndProject
Global
	GlobalSection(SolutionConfigurationPlatforms) = preSolution
		Debug|Any CPU = Debug|Any CPU
		Release|Any CPU = Release|Any CPU
	EndGlobalSection
	GlobalSection(ProjectConfigurationPlatforms) = postSolution
		{BC385508-E69A-40A7-92A1-C3E0A0C106B0}.Debug|Any CPU.ActiveCfg = Debug|Any CPU
		{BC385508-E69A-40A7-92A1-C3E0A0C106B0}.Debug|Any CPU.Build.0 = Debug|Any CPU
		{BC385508-E69A-40A7-92A1-C3E0A0C106B0}.Release|Any CPU.ActiveCfg = Release|Any CPU
		{BC385508-E69A-40A7-92A1-C3E0A0C106B0}.Release|Any CPU.Build.0 = Release|Any CPU
	EndGlobalSection
	GlobalSection(SolutionProperties) = preSolution
		HideSolutionNode = FALSE
	EndGlobalSection
	GlobalSection(ExtensibilityGlobals) = postSolution
		SolutionGuid = {169E94C8-B2D8-4E85-A95F-2AFDC34D33B6}
	EndGlobalSection
EndGlobal
